
Microsoft Visual Studio Solution File, Format Version 12.00
# Visual Studio Version 16
VisualStudioVersion = 16.0.30011.22
MinimumVisualStudioVersion = 10.0.40219.1
Project("{8BC9CEB8-8B4A-11D0-8D11-00A0C91BC942}") = "WebRtcVad", "WebRtcVad\WebRtcVad.vcxproj", "{4A02AAA0-E607-4BFF-AA64-E0A500FE8505}"
EndProject
Project("{9A19103F-16F7-4668-BE54-9A1E7A4F7556}") = "WebRtcVadSharp", "WebRtcVadSharp\WebRtcVadSharp.csproj", "{8751DED9-3FE7-4A15-9A02-C504A37D4B56}"
	ProjectSection(ProjectDependencies) = postProject
		{4A02AAA0-E607-4BFF-AA64-E0A500FE8505} = {4A02AAA0-E607-4BFF-AA64-E0A500FE8505}
	EndProjectSection
EndProject
Project("{9A19103F-16F7-4668-BE54-9A1E7A4F7556}") = "WebRtcVadSharp.Tests", "WebRtcVadSharp.Tests\WebRtcVadSharp.Tests.csproj", "{58E44C17-DE8C-4D8F-9406-3E1C0A8BC141}"
EndProject
Project("{2150E333-8FDC-42A3-9474-1A3956D46DE8}") = "Solution Items", "Solution Items", "{075137D8-E854-41D8-89FF-69C7B906BD23}"
	ProjectSection(SolutionItems) = preProject
		.travis.yml = .travis.yml
		LICENSE = LICENSE
		README.md = README.md
		WebRtcVadSharp.nuspec = WebRtcVadSharp.nuspec
		WebRtcVadSharp.targets = WebRtcVadSharp.targets
	EndProjectSection
EndProject
Global
	GlobalSection(SolutionConfigurationPlatforms) = preSolution
		Debug|Any CPU = Debug|Any CPU
		Debug|x64 = Debug|x64
		Debug|x86 = Debug|x86
		Release|Any CPU = Release|Any CPU
		Release|x64 = Release|x64
		Release|x86 = Release|x86
	EndGlobalSection
	GlobalSection(ProjectConfigurationPlatforms) = postSolution
		{4A02AAA0-E607-4BFF-AA64-E0A500FE8505}.Debug|Any CPU.ActiveCfg = Debug|Win32
		{4A02AAA0-E607-4BFF-AA64-E0A500FE8505}.Debug|x64.ActiveCfg = Debug|x64
		{4A02AAA0-E607-4BFF-AA64-E0A500FE8505}.Debug|x64.Build.0 = Debug|x64
		{4A02AAA0-E607-4BFF-AA64-E0A500FE8505}.Debug|x86.ActiveCfg = Debug|Win32
		{4A02AAA0-E607-4BFF-AA64-E0A500FE8505}.Debug|x86.Build.0 = Debug|Win32
		{4A02AAA0-E607-4BFF-AA64-E0A500FE8505}.Release|Any CPU.ActiveCfg = Release|Win32
		{4A02AAA0-E607-4BFF-AA64-E0A500FE8505}.Release|x64.ActiveCfg = Release|x64
		{4A02AAA0-E607-4BFF-AA64-E0A500FE8505}.Release|x64.Build.0 = Release|x64
		{4A02AAA0-E607-4BFF-AA64-E0A500FE8505}.Release|x86.ActiveCfg = Release|Win32
		{4A02AAA0-E607-4BFF-AA64-E0A500FE8505}.Release|x86.Build.0 = Release|Win32
		{8751DED9-3FE7-4A15-9A02-C504A37D4B56}.Debug|Any CPU.ActiveCfg = Debug|Any CPU
		{8751DED9-3FE7-4A15-9A02-C504A37D4B56}.Debug|Any CPU.Build.0 = Debug|Any CPU
		{8751DED9-3FE7-4A15-9A02-C504A37D4B56}.Debug|x64.ActiveCfg = Debug|Any CPU
		{8751DED9-3FE7-4A15-9A02-C504A37D4B56}.Debug|x64.Build.0 = Debug|Any CPU
		{8751DED9-3FE7-4A15-9A02-C504A37D4B56}.Debug|x86.ActiveCfg = Debug|Any CPU
		{8751DED9-3FE7-4A15-9A02-C504A37D4B56}.Debug|x86.Build.0 = Debug|Any CPU
		{8751DED9-3FE7-4A15-9A02-C504A37D4B56}.Release|Any CPU.ActiveCfg = Release|Any CPU
		{8751DED9-3FE7-4A15-9A02-C504A37D4B56}.Release|Any CPU.Build.0 = Release|Any CPU
		{8751DED9-3FE7-4A15-9A02-C504A37D4B56}.Release|x64.ActiveCfg = Release|Any CPU
		{8751DED9-3FE7-4A15-9A02-C504A37D4B56}.Release|x64.Build.0 = Release|Any CPU
		{8751DED9-3FE7-4A15-9A02-C504A37D4B56}.Release|x86.ActiveCfg = Release|Any CPU
		{8751DED9-3FE7-4A15-9A02-C504A37D4B56}.Release|x86.Build.0 = Release|Any CPU
		{58E44C17-DE8C-4D8F-9406-3E1C0A8BC141}.Debug|Any CPU.ActiveCfg = Debug|Any CPU
		{58E44C17-DE8C-4D8F-9406-3E1C0A8BC141}.Debug|Any CPU.Build.0 = Debug|Any CPU
		{58E44C17-DE8C-4D8F-9406-3E1C0A8BC141}.Debug|x64.ActiveCfg = Debug|Any CPU
		{58E44C17-DE8C-4D8F-9406-3E1C0A8BC141}.Debug|x64.Build.0 = Debug|Any CPU
		{58E44C17-DE8C-4D8F-9406-3E1C0A8BC141}.Debug|x86.ActiveCfg = Debug|Any CPU
		{58E44C17-DE8C-4D8F-9406-3E1C0A8BC141}.Debug|x86.Build.0 = Debug|Any CPU
		{58E44C17-DE8C-4D8F-9406-3E1C0A8BC141}.Release|Any CPU.ActiveCfg = Release|Any CPU
		{58E44C17-DE8C-4D8F-9406-3E1C0A8BC141}.Release|Any CPU.Build.0 = Release|Any CPU
		{58E44C17-DE8C-4D8F-9406-3E1C0A8BC141}.Release|x64.ActiveCfg = Release|Any CPU
		{58E44C17-DE8C-4D8F-9406-3E1C0A8BC141}.Release|x64.Build.0 = Release|Any CPU
		{58E44C17-DE8C-4D8F-9406-3E1C0A8BC141}.Release|x86.ActiveCfg = Release|Any CPU
		{58E44C17-DE8C-4D8F-9406-3E1C0A8BC141}.Release|x86.Build.0 = Release|Any CPU
	EndGlobalSection
	GlobalSection(SolutionProperties) = preSolution
		HideSolutionNode = FALSE
	EndGlobalSection
	GlobalSection(ExtensibilityGlobals) = postSolution
		SolutionGuid = {49833AE2-E445-4459-B0DE-9EC6200A5B96}
	EndGlobalSection
EndGlobal
